
Microsoft Visual Studio Solution File, Format Version 12.00
# Visual Studio Version 17
VisualStudioVersion = 17.5.002.0
MinimumVisualStudioVersion = 10.0.40219.1
Project("{9A19103F-16F7-4668-BE54-9A1E7A4F7556}") = "LearningBlazorApps.Infrastructure", "LearningBlazorApps.Infrastructure.csproj", "{44383FBA-E1B4-42C4-9FED-76AC1216EF4A}"
EndProject
Global
	GlobalSection(SolutionConfigurationPlatforms) = preSolution
		Debug|Any CPU = Debug|Any CPU
		Release|Any CPU = Release|Any CPU
	EndGlobalSection
	GlobalSection(ProjectConfigurationPlatforms) = postSolution
		{44383FBA-E1B4-42C4-9FED-76AC1216EF4A}.Debug|Any CPU.ActiveCfg = Debug|Any CPU
		{44383FBA-E1B4-42C4-9FED-76AC1216EF4A}.Debug|Any CPU.Build.0 = Debug|Any CPU
		{44383FBA-E1B4-42C4-9FED-76AC1216EF4A}.Release|Any CPU.ActiveCfg = Release|Any CPU
		{44383FBA-E1B4-42C4-9FED-76AC1216EF4A}.Release|Any CPU.Build.0 = Release|Any CPU
	EndGlobalSection
	GlobalSection(SolutionProperties) = preSolution
		HideSolutionNode = FALSE
	EndGlobalSection
	GlobalSection(ExtensibilityGlobals) = postSolution
		SolutionGuid = {C400167F-500B-49D5-8416-59B944CF9159}
	EndGlobalSection
EndGlobal
